
Microsoft Visual Studio Solution File, Format Version 12.00
# Visual Studio 15
VisualStudioVersion = 15.0.27703.2047
MinimumVisualStudioVersion = 10.0.40219.1
Project("{FAE04EC0-301F-11D3-BF4B-00C04F79EFBC}") = "CadastroDeClientesSite", "CadastroDeClientesSite\CadastroDeClientesSite.csproj", "{CFE2F4A6-25E4-4B0E-AB47-43C897742EA1}"
EndProject
Global
	GlobalSection(SolutionConfigurationPlatforms) = preSolution
		Debug|Any CPU = Debug|Any CPU
		Release|Any CPU = Release|Any CPU
	EndGlobalSection
	GlobalSection(ProjectConfigurationPlatforms) = postSolution
		{CFE2F4A6-25E4-4B0E-AB47-43C897742EA1}.Debug|Any CPU.ActiveCfg = Debug|Any CPU
		{CFE2F4A6-25E4-4B0E-AB47-43C897742EA1}.Debug|Any CPU.Build.0 = Debug|Any CPU
		{CFE2F4A6-25E4-4B0E-AB47-43C897742EA1}.Release|Any CPU.ActiveCfg = Release|Any CPU
		{CFE2F4A6-25E4-4B0E-AB47-43C897742EA1}.Release|Any CPU.Build.0 = Release|Any CPU
	EndGlobalSection
	GlobalSection(SolutionProperties) = preSolution
		HideSolutionNode = FALSE
	EndGlobalSection
	GlobalSection(ExtensibilityGlobals) = postSolution
		SolutionGuid = {4295338D-26BA-4FEF-BCF6-B2E1902917D6}
	EndGlobalSection
EndGlobal
